
Microsoft Visual Studio Solution File, Format Version 12.00
# Visual Studio Version 17
VisualStudioVersion = 17.1.32328.378
MinimumVisualStudioVersion = 10.0.40219.1
Project("{9A19103F-16F7-4668-BE54-9A1E7A4F7556}") = "PANSearcher", "PANSearcher\PANSearcher.csproj", "{FA3F2C3B-7A3C-47DE-BE21-AD5EE7E08892}"
EndProject
Project("{9A19103F-16F7-4668-BE54-9A1E7A4F7556}") = "PANSearcher.Tests", "PANSearcher.Tests\PANSearcher.Tests.csproj", "{5CD9AB63-6390-48D7-9F26-21FB5C21D0C0}"
EndProject
Project("{2150E333-8FDC-42A3-9474-1A3956D46DE8}") = "Solution Items", "Solution Items", "{3AABC751-A095-4E82-9EA3-DDF8F05A0D6C}"
	ProjectSection(SolutionItems) = preProject
		.editorconfig = .editorconfig
		LICENSE = LICENSE
		README.md = README.md
	EndProjectSection
EndProject
Global
	GlobalSection(SolutionConfigurationPlatforms) = preSolution
		Debug|Any CPU = Debug|Any CPU
		Release|Any CPU = Release|Any CPU
	EndGlobalSection
	GlobalSection(ProjectConfigurationPlatforms) = postSolution
		{FA3F2C3B-7A3C-47DE-BE21-AD5EE7E08892}.Debug|Any CPU.ActiveCfg = Debug|Any CPU
		{FA3F2C3B-7A3C-47DE-BE21-AD5EE7E08892}.Debug|Any CPU.Build.0 = Debug|Any CPU
		{FA3F2C3B-7A3C-47DE-BE21-AD5EE7E08892}.Release|Any CPU.ActiveCfg = Release|Any CPU
		{FA3F2C3B-7A3C-47DE-BE21-AD5EE7E08892}.Release|Any CPU.Build.0 = Release|Any CPU
		{5CD9AB63-6390-48D7-9F26-21FB5C21D0C0}.Debug|Any CPU.ActiveCfg = Debug|Any CPU
		{5CD9AB63-6390-48D7-9F26-21FB5C21D0C0}.Debug|Any CPU.Build.0 = Debug|Any CPU
		{5CD9AB63-6390-48D7-9F26-21FB5C21D0C0}.Release|Any CPU.ActiveCfg = Release|Any CPU
		{5CD9AB63-6390-48D7-9F26-21FB5C21D0C0}.Release|Any CPU.Build.0 = Release|Any CPU
	EndGlobalSection
	GlobalSection(SolutionProperties) = preSolution
		HideSolutionNode = FALSE
	EndGlobalSection
	GlobalSection(ExtensibilityGlobals) = postSolution
		SolutionGuid = {59067172-4BBD-4A45-9C9D-56E6120B0C24}
	EndGlobalSection
EndGlobal
